
Microsoft Visual Studio Solution File, Format Version 12.00
# Visual Studio Version 17
VisualStudioVersion = 17.9.34902.65
MinimumVisualStudioVersion = 10.0.40219.1
Project("{2150E333-8FDC-42A3-9474-1A3956D46DE8}") = "API", "API", "{B69A7E3A-5299-4452-9394-D773AD3AD77C}"
EndProject
Project("{9A19103F-16F7-4668-BE54-9A1E7A4F7556}") = "Yarnique.API", "API\Yarnique.API\Yarnique.API.csproj", "{63496006-2A47-41FB-9D18-850BDE0DAA9B}"
EndProject
Project("{2150E333-8FDC-42A3-9474-1A3956D46DE8}") = "Modules", "Modules", "{D25C8672-6E6F-404D-8167-449D33A03C5E}"
EndProject
Project("{2150E333-8FDC-42A3-9474-1A3956D46DE8}") = "OrderTracking", "OrderTracking", "{D915920B-0972-4041-A824-9E5A2C109BCC}"
EndProject
Project("{2150E333-8FDC-42A3-9474-1A3956D46DE8}") = "OrderSubmitting", "OrderSubmitting", "{7C1A0058-9458-4ED2-A12A-518F8E3BCA1A}"
EndProject
Project("{2150E333-8FDC-42A3-9474-1A3956D46DE8}") = "Database", "Database", "{09346689-7690-451B-ABBB-FCCD4EDB8CDC}"
EndProject
Project("{2150E333-8FDC-42A3-9474-1A3956D46DE8}") = "Designs", "Designs", "{42204C7A-9860-4313-8BB1-0FC087E06CED}"
EndProject
Project("{9A19103F-16F7-4668-BE54-9A1E7A4F7556}") = "Yarnique.Modules.Designs.Application", "Modules\Designs\Yarnique.Modules.Designs.Application\Yarnique.Modules.Designs.Application.csproj", "{D1DDC7AF-573D-4A97-BB3C-0CBAC63FD298}"
EndProject
Project("{9A19103F-16F7-4668-BE54-9A1E7A4F7556}") = "Yarnique.Modules.Designs.Domain", "Modules\Designs\Yarnique.Modules.Designs.Domain\Yarnique.Modules.Designs.Domain.csproj", "{B675B242-C1D8-4C44-92BD-2E83555B332B}"
EndProject
Project("{9A19103F-16F7-4668-BE54-9A1E7A4F7556}") = "Yarnique.Modules.Designs.Infrastructure", "Modules\Designs\Yarnique.Modules.Designs.Infrastructure\Yarnique.Modules.Designs.Infrastructure.csproj", "{C67B1436-D7DF-4DF8-8783-C9B65188DD10}"
EndProject
Project("{9A19103F-16F7-4668-BE54-9A1E7A4F7556}") = "Yarnique.Modules.Designs.IntegrationEvents", "Modules\Designs\Yarnique.Modules.Designs.IntegrationEvents\Yarnique.Modules.Designs.IntegrationEvents.csproj", "{10CCE9CD-B99A-4577-B9FF-93096E2945B0}"
EndProject
Project("{2150E333-8FDC-42A3-9474-1A3956D46DE8}") = "Consumables", "Consumables", "{C01F7BC0-704B-4702-BE50-D4E681CA736B}"
EndProject
Project("{9A19103F-16F7-4668-BE54-9A1E7A4F7556}") = "Yarnique.Modules.Consumables.Application", "Modules\Consumables\Yarnique.Modules.Consumables.Application\Yarnique.Modules.Consumables.Application.csproj", "{E64AEBF2-D3F8-49A5-8361-E1B521A0810E}"
EndProject
Project("{9A19103F-16F7-4668-BE54-9A1E7A4F7556}") = "Yarnique.Modules.Consumables.Domain", "Modules\Consumables\Yarnique.Modules.Consumables.Domain\Yarnique.Modules.Consumables.Domain.csproj", "{1C04CA98-739F-4105-8EB4-68EDC6F9F12E}"
EndProject
Project("{9A19103F-16F7-4668-BE54-9A1E7A4F7556}") = "Yarnique.Modules.Consumables.Infrastructure", "Modules\Consumables\Yarnique.Modules.Consumables.Infrastructure\Yarnique.Modules.Consumables.Infrastructure.csproj", "{9D284D07-857B-449F-82AA-72082C52AAB5}"
EndProject
Project("{9A19103F-16F7-4668-BE54-9A1E7A4F7556}") = "Yarnique.Modules.Consumables.IntegrationEvents", "Modules\Consumables\Yarnique.Modules.Consumables.IntegrationEvents\Yarnique.Modules.Consumables.IntegrationEvents.csproj", "{2F8B2A0B-9209-492D-B1E3-D5230EC30A22}"
EndProject
Project("{00D1A9C2-B5F0-4AF3-8072-F6C62B433612}") = "Yarnique.Database", "Database\Yarnique.Database\Yarnique.Database.sqlproj", "{68D76E45-F17E-48EB-B195-DC58989EAC4A}"
EndProject
Project("{2150E333-8FDC-42A3-9474-1A3956D46DE8}") = "Common", "Common", "{C2B11FAF-7EC8-439B-8AB3-E23C573AE09A}"
EndProject
Project("{9A19103F-16F7-4668-BE54-9A1E7A4F7556}") = "Yarnique.Common.Application", "Common\Yarnique.Common.Application\Yarnique.Common.Application.csproj", "{0756DE8E-A5D8-4702-83A3-FEFDE064DE33}"
EndProject
Project("{9A19103F-16F7-4668-BE54-9A1E7A4F7556}") = "Yarnique.Common.Domain", "Common\Yarnique.Common.Domain\Yarnique.Common.Domain.csproj", "{D7453CDB-A7E7-497C-A67D-0210C7561E56}"
EndProject
Project("{9A19103F-16F7-4668-BE54-9A1E7A4F7556}") = "Yarnique.Common.Infrastructure", "Common\Yarnique.Common.Infrastructure\Yarnique.Common.Infrastructure.csproj", "{CC6D8C9A-7963-4C36-934F-7409F3AB73C2}"
EndProject
Project("{9A19103F-16F7-4668-BE54-9A1E7A4F7556}") = "Yarnique.Modules.OrderSubmitting.Application", "Modules\OrderSubmitting\Yarnique.Modules.OrderSubmitting.Application\Yarnique.Modules.OrderSubmitting.Application.csproj", "{6249A8A6-F30A-439E-97A7-5859A9C2A737}"
EndProject
Project("{9A19103F-16F7-4668-BE54-9A1E7A4F7556}") = "Yarnique.Modules.OrderSubmitting.Domain", "Modules\OrderSubmitting\Yarnique.Modules.OrderSubmitting.Domain\Yarnique.Modules.OrderSubmitting.Domain.csproj", "{1E677B11-0F10-4B2E-A0E8-945E32647E61}"
EndProject
Project("{9A19103F-16F7-4668-BE54-9A1E7A4F7556}") = "Yarnique.Modules.OrderSubmitting.Infrastructure", "Modules\OrderSubmitting\Yarnique.Modules.OrderSubmitting.Infrastructure\Yarnique.Modules.OrderSubmitting.Infrastructure.csproj", "{37371DD5-D529-4734-A7D2-153405F4D469}"
	ProjectSection(ProjectDependencies) = postProject
		{1E677B11-0F10-4B2E-A0E8-945E32647E61} = {1E677B11-0F10-4B2E-A0E8-945E32647E61}
	EndProjectSection
EndProject
Project("{9A19103F-16F7-4668-BE54-9A1E7A4F7556}") = "Yarnique.Modules.OrderSubmitting.IntegrationEvents", "Modules\OrderSubmitting\Yarnique.Modules.OrderSubmitting.IntegrationEvents\Yarnique.Modules.OrderSubmitting.IntegrationEvents.csproj", "{760D2F29-841D-4013-8D06-F13D7AE8F149}"
EndProject
Project("{9A19103F-16F7-4668-BE54-9A1E7A4F7556}") = "Yarnique.Database.Migrations", "Database\Yarnique.Database.Migration\Yarnique.Database.Migrations.csproj", "{D94EB069-2DE8-4920-B9AD-9A24639681BE}"
EndProject
Project("{2150E333-8FDC-42A3-9474-1A3956D46DE8}") = "UsersManagement", "UsersManagement", "{2619DA8A-098F-429F-B080-49109E2F0AC2}"
EndProject
Project("{9A19103F-16F7-4668-BE54-9A1E7A4F7556}") = "Yarnique.Modules.UsersManagement.Application", "Modules\UsersManagement\Yarnique.Modules.UsersManagement.Application\Yarnique.Modules.UsersManagement.Application.csproj", "{D0290B52-BEA0-4519-96A8-4198D6D63CCA}"
EndProject
Project("{9A19103F-16F7-4668-BE54-9A1E7A4F7556}") = "Yarnique.Modules.UsersManagement.Domain", "Modules\UsersManagement\Yarnique.Modules.UsersManagement.Domain\Yarnique.Modules.UsersManagement.Domain.csproj", "{AA59E26B-FCAB-4B70-ABF5-5DE46B1EC406}"
EndProject
Project("{9A19103F-16F7-4668-BE54-9A1E7A4F7556}") = "Yarnique.Modules.UsersManagement.Infrastructure", "Modules\UsersManagement\Yarnique.Modules.UsersManagement.Infrastructure\Yarnique.Modules.UsersManagement.Infrastructure.csproj", "{0A0F8F47-B605-411C-94BB-C13D81B3966D}"
EndProject
Project("{9A19103F-16F7-4668-BE54-9A1E7A4F7556}") = "Yarnique.Modules.UsersManagement.IntegrationEvents", "Modules\UsersManagement\Yarnique.Modules.UsersManagement.IntegrationEvents\Yarnique.Modules.UsersManagement.IntegrationEvents.csproj", "{E3BFA18F-0AF3-4DD0-AF44-82349AB207B9}"
EndProject
Project("{9A19103F-16F7-4668-BE54-9A1E7A4F7556}") = "Yarnique.Payment.API", "PaymentAPI\Yarnique.Payment.API\Yarnique.Payment.API.csproj", "{5AC93409-EE1B-4124-B474-A4CF5455A9AF}"
EndProject
Global
	GlobalSection(SolutionConfigurationPlatforms) = preSolution
		Debug|Any CPU = Debug|Any CPU
		Release|Any CPU = Release|Any CPU
	EndGlobalSection
	GlobalSection(ProjectConfigurationPlatforms) = postSolution
		{63496006-2A47-41FB-9D18-850BDE0DAA9B}.Debug|Any CPU.ActiveCfg = Debug|Any CPU
		{63496006-2A47-41FB-9D18-850BDE0DAA9B}.Debug|Any CPU.Build.0 = Debug|Any CPU
		{63496006-2A47-41FB-9D18-850BDE0DAA9B}.Release|Any CPU.ActiveCfg = Release|Any CPU
		{63496006-2A47-41FB-9D18-850BDE0DAA9B}.Release|Any CPU.Build.0 = Release|Any CPU
		{D1DDC7AF-573D-4A97-BB3C-0CBAC63FD298}.Debug|Any CPU.ActiveCfg = Debug|Any CPU
		{D1DDC7AF-573D-4A97-BB3C-0CBAC63FD298}.Debug|Any CPU.Build.0 = Debug|Any CPU
		{D1DDC7AF-573D-4A97-BB3C-0CBAC63FD298}.Release|Any CPU.ActiveCfg = Release|Any CPU
		{D1DDC7AF-573D-4A97-BB3C-0CBAC63FD298}.Release|Any CPU.Build.0 = Release|Any CPU
		{B675B242-C1D8-4C44-92BD-2E83555B332B}.Debug|Any CPU.ActiveCfg = Debug|Any CPU
		{B675B242-C1D8-4C44-92BD-2E83555B332B}.Debug|Any CPU.Build.0 = Debug|Any CPU
		{B675B242-C1D8-4C44-92BD-2E83555B332B}.Release|Any CPU.ActiveCfg = Release|Any CPU
		{B675B242-C1D8-4C44-92BD-2E83555B332B}.Release|Any CPU.Build.0 = Release|Any CPU
		{C67B1436-D7DF-4DF8-8783-C9B65188DD10}.Debug|Any CPU.ActiveCfg = Debug|Any CPU
		{C67B1436-D7DF-4DF8-8783-C9B65188DD10}.Debug|Any CPU.Build.0 = Debug|Any CPU
		{C67B1436-D7DF-4DF8-8783-C9B65188DD10}.Release|Any CPU.ActiveCfg = Release|Any CPU
		{C67B1436-D7DF-4DF8-8783-C9B65188DD10}.Release|Any CPU.Build.0 = Release|Any CPU
		{10CCE9CD-B99A-4577-B9FF-93096E2945B0}.Debug|Any CPU.ActiveCfg = Debug|Any CPU
		{10CCE9CD-B99A-4577-B9FF-93096E2945B0}.Debug|Any CPU.Build.0 = Debug|Any CPU
		{10CCE9CD-B99A-4577-B9FF-93096E2945B0}.Release|Any CPU.ActiveCfg = Release|Any CPU
		{10CCE9CD-B99A-4577-B9FF-93096E2945B0}.Release|Any CPU.Build.0 = Release|Any CPU
		{E64AEBF2-D3F8-49A5-8361-E1B521A0810E}.Debug|Any CPU.ActiveCfg = Debug|Any CPU
		{E64AEBF2-D3F8-49A5-8361-E1B521A0810E}.Debug|Any CPU.Build.0 = Debug|Any CPU
		{E64AEBF2-D3F8-49A5-8361-E1B521A0810E}.Release|Any CPU.ActiveCfg = Release|Any CPU
		{E64AEBF2-D3F8-49A5-8361-E1B521A0810E}.Release|Any CPU.Build.0 = Release|Any CPU
		{1C04CA98-739F-4105-8EB4-68EDC6F9F12E}.Debug|Any CPU.ActiveCfg = Debug|Any CPU
		{1C04CA98-739F-4105-8EB4-68EDC6F9F12E}.Debug|Any CPU.Build.0 = Debug|Any CPU
		{1C04CA98-739F-4105-8EB4-68EDC6F9F12E}.Release|Any CPU.ActiveCfg = Release|Any CPU
		{1C04CA98-739F-4105-8EB4-68EDC6F9F12E}.Release|Any CPU.Build.0 = Release|Any CPU
		{9D284D07-857B-449F-82AA-72082C52AAB5}.Debug|Any CPU.ActiveCfg = Debug|Any CPU
		{9D284D07-857B-449F-82AA-72082C52AAB5}.Debug|Any CPU.Build.0 = Debug|Any CPU
		{9D284D07-857B-449F-82AA-72082C52AAB5}.Release|Any CPU.ActiveCfg = Release|Any CPU
		{9D284D07-857B-449F-82AA-72082C52AAB5}.Release|Any CPU.Build.0 = Release|Any CPU
		{2F8B2A0B-9209-492D-B1E3-D5230EC30A22}.Debug|Any CPU.ActiveCfg = Debug|Any CPU
		{2F8B2A0B-9209-492D-B1E3-D5230EC30A22}.Debug|Any CPU.Build.0 = Debug|Any CPU
		{2F8B2A0B-9209-492D-B1E3-D5230EC30A22}.Release|Any CPU.ActiveCfg = Release|Any CPU
		{2F8B2A0B-9209-492D-B1E3-D5230EC30A22}.Release|Any CPU.Build.0 = Release|Any CPU
		{68D76E45-F17E-48EB-B195-DC58989EAC4A}.Debug|Any CPU.ActiveCfg = Debug|Any CPU
		{68D76E45-F17E-48EB-B195-DC58989EAC4A}.Debug|Any CPU.Build.0 = Debug|Any CPU
		{68D76E45-F17E-48EB-B195-DC58989EAC4A}.Debug|Any CPU.Deploy.0 = Debug|Any CPU
		{68D76E45-F17E-48EB-B195-DC58989EAC4A}.Release|Any CPU.ActiveCfg = Release|Any CPU
		{68D76E45-F17E-48EB-B195-DC58989EAC4A}.Release|Any CPU.Build.0 = Release|Any CPU
		{68D76E45-F17E-48EB-B195-DC58989EAC4A}.Release|Any CPU.Deploy.0 = Release|Any CPU
		{0756DE8E-A5D8-4702-83A3-FEFDE064DE33}.Debug|Any CPU.ActiveCfg = Debug|Any CPU
		{0756DE8E-A5D8-4702-83A3-FEFDE064DE33}.Debug|Any CPU.Build.0 = Debug|Any CPU
		{0756DE8E-A5D8-4702-83A3-FEFDE064DE33}.Release|Any CPU.ActiveCfg = Release|Any CPU
		{0756DE8E-A5D8-4702-83A3-FEFDE064DE33}.Release|Any CPU.Build.0 = Release|Any CPU
		{D7453CDB-A7E7-497C-A67D-0210C7561E56}.Debug|Any CPU.ActiveCfg = Debug|Any CPU
		{D7453CDB-A7E7-497C-A67D-0210C7561E56}.Debug|Any CPU.Build.0 = Debug|Any CPU
		{D7453CDB-A7E7-497C-A67D-0210C7561E56}.Release|Any CPU.ActiveCfg = Release|Any CPU
		{D7453CDB-A7E7-497C-A67D-0210C7561E56}.Release|Any CPU.Build.0 = Release|Any CPU
		{CC6D8C9A-7963-4C36-934F-7409F3AB73C2}.Debug|Any CPU.ActiveCfg = Debug|Any CPU
		{CC6D8C9A-7963-4C36-934F-7409F3AB73C2}.Debug|Any CPU.Build.0 = Debug|Any CPU
		{CC6D8C9A-7963-4C36-934F-7409F3AB73C2}.Release|Any CPU.ActiveCfg = Release|Any CPU
		{CC6D8C9A-7963-4C36-934F-7409F3AB73C2}.Release|Any CPU.Build.0 = Release|Any CPU
		{6249A8A6-F30A-439E-97A7-5859A9C2A737}.Debug|Any CPU.ActiveCfg = Debug|Any CPU
		{6249A8A6-F30A-439E-97A7-5859A9C2A737}.Debug|Any CPU.Build.0 = Debug|Any CPU
		{6249A8A6-F30A-439E-97A7-5859A9C2A737}.Release|Any CPU.ActiveCfg = Release|Any CPU
		{6249A8A6-F30A-439E-97A7-5859A9C2A737}.Release|Any CPU.Build.0 = Release|Any CPU
		{1E677B11-0F10-4B2E-A0E8-945E32647E61}.Debug|Any CPU.ActiveCfg = Debug|Any CPU
		{1E677B11-0F10-4B2E-A0E8-945E32647E61}.Debug|Any CPU.Build.0 = Debug|Any CPU
		{1E677B11-0F10-4B2E-A0E8-945E32647E61}.Release|Any CPU.ActiveCfg = Release|Any CPU
		{1E677B11-0F10-4B2E-A0E8-945E32647E61}.Release|Any CPU.Build.0 = Release|Any CPU
		{37371DD5-D529-4734-A7D2-153405F4D469}.Debug|Any CPU.ActiveCfg = Debug|Any CPU
		{37371DD5-D529-4734-A7D2-153405F4D469}.Debug|Any CPU.Build.0 = Debug|Any CPU
		{37371DD5-D529-4734-A7D2-153405F4D469}.Release|Any CPU.ActiveCfg = Release|Any CPU
		{37371DD5-D529-4734-A7D2-153405F4D469}.Release|Any CPU.Build.0 = Release|Any CPU
		{760D2F29-841D-4013-8D06-F13D7AE8F149}.Debug|Any CPU.ActiveCfg = Debug|Any CPU
		{760D2F29-841D-4013-8D06-F13D7AE8F149}.Debug|Any CPU.Build.0 = Debug|Any CPU
		{760D2F29-841D-4013-8D06-F13D7AE8F149}.Release|Any CPU.ActiveCfg = Release|Any CPU
		{760D2F29-841D-4013-8D06-F13D7AE8F149}.Release|Any CPU.Build.0 = Release|Any CPU
		{D94EB069-2DE8-4920-B9AD-9A24639681BE}.Debug|Any CPU.ActiveCfg = Debug|Any CPU
		{D94EB069-2DE8-4920-B9AD-9A24639681BE}.Debug|Any CPU.Build.0 = Debug|Any CPU
		{D94EB069-2DE8-4920-B9AD-9A24639681BE}.Release|Any CPU.ActiveCfg = Release|Any CPU
		{D94EB069-2DE8-4920-B9AD-9A24639681BE}.Release|Any CPU.Build.0 = Release|Any CPU
		{D0290B52-BEA0-4519-96A8-4198D6D63CCA}.Debug|Any CPU.ActiveCfg = Debug|Any CPU
		{D0290B52-BEA0-4519-96A8-4198D6D63CCA}.Debug|Any CPU.Build.0 = Debug|Any CPU
		{D0290B52-BEA0-4519-96A8-4198D6D63CCA}.Release|Any CPU.ActiveCfg = Release|Any CPU
		{D0290B52-BEA0-4519-96A8-4198D6D63CCA}.Release|Any CPU.Build.0 = Release|Any CPU
		{AA59E26B-FCAB-4B70-ABF5-5DE46B1EC406}.Debug|Any CPU.ActiveCfg = Debug|Any CPU
		{AA59E26B-FCAB-4B70-ABF5-5DE46B1EC406}.Debug|Any CPU.Build.0 = Debug|Any CPU
		{AA59E26B-FCAB-4B70-ABF5-5DE46B1EC406}.Release|Any CPU.ActiveCfg = Release|Any CPU
		{AA59E26B-FCAB-4B70-ABF5-5DE46B1EC406}.Release|Any CPU.Build.0 = Release|Any CPU
		{0A0F8F47-B605-411C-94BB-C13D81B3966D}.Debug|Any CPU.ActiveCfg = Debug|Any CPU
		{0A0F8F47-B605-411C-94BB-C13D81B3966D}.Debug|Any CPU.Build.0 = Debug|Any CPU
		{0A0F8F47-B605-411C-94BB-C13D81B3966D}.Release|Any CPU.ActiveCfg = Release|Any CPU
		{0A0F8F47-B605-411C-94BB-C13D81B3966D}.Release|Any CPU.Build.0 = Release|Any CPU
		{E3BFA18F-0AF3-4DD0-AF44-82349AB207B9}.Debug|Any CPU.ActiveCfg = Debug|Any CPU
		{E3BFA18F-0AF3-4DD0-AF44-82349AB207B9}.Debug|Any CPU.Build.0 = Debug|Any CPU
		{E3BFA18F-0AF3-4DD0-AF44-82349AB207B9}.Release|Any CPU.ActiveCfg = Release|Any CPU
		{E3BFA18F-0AF3-4DD0-AF44-82349AB207B9}.Release|Any CPU.Build.0 = Release|Any CPU
		{5AC93409-EE1B-4124-B474-A4CF5455A9AF}.Debug|Any CPU.ActiveCfg = Debug|Any CPU
		{5AC93409-EE1B-4124-B474-A4CF5455A9AF}.Debug|Any CPU.Build.0 = Debug|Any CPU
		{5AC93409-EE1B-4124-B474-A4CF5455A9AF}.Release|Any CPU.ActiveCfg = Release|Any CPU
		{5AC93409-EE1B-4124-B474-A4CF5455A9AF}.Release|Any CPU.Build.0 = Release|Any CPU
	EndGlobalSection
	GlobalSection(SolutionProperties) = preSolution
		HideSolutionNode = FALSE
	EndGlobalSection
	GlobalSection(NestedProjects) = preSolution
		{63496006-2A47-41FB-9D18-850BDE0DAA9B} = {B69A7E3A-5299-4452-9394-D773AD3AD77C}
		{D915920B-0972-4041-A824-9E5A2C109BCC} = {D25C8672-6E6F-404D-8167-449D33A03C5E}
		{7C1A0058-9458-4ED2-A12A-518F8E3BCA1A} = {D25C8672-6E6F-404D-8167-449D33A03C5E}
		{42204C7A-9860-4313-8BB1-0FC087E06CED} = {D25C8672-6E6F-404D-8167-449D33A03C5E}
		{D1DDC7AF-573D-4A97-BB3C-0CBAC63FD298} = {42204C7A-9860-4313-8BB1-0FC087E06CED}
		{B675B242-C1D8-4C44-92BD-2E83555B332B} = {42204C7A-9860-4313-8BB1-0FC087E06CED}
		{C67B1436-D7DF-4DF8-8783-C9B65188DD10} = {42204C7A-9860-4313-8BB1-0FC087E06CED}
		{10CCE9CD-B99A-4577-B9FF-93096E2945B0} = {42204C7A-9860-4313-8BB1-0FC087E06CED}
		{C01F7BC0-704B-4702-BE50-D4E681CA736B} = {D25C8672-6E6F-404D-8167-449D33A03C5E}
		{E64AEBF2-D3F8-49A5-8361-E1B521A0810E} = {C01F7BC0-704B-4702-BE50-D4E681CA736B}
		{1C04CA98-739F-4105-8EB4-68EDC6F9F12E} = {C01F7BC0-704B-4702-BE50-D4E681CA736B}
		{9D284D07-857B-449F-82AA-72082C52AAB5} = {C01F7BC0-704B-4702-BE50-D4E681CA736B}
		{2F8B2A0B-9209-492D-B1E3-D5230EC30A22} = {C01F7BC0-704B-4702-BE50-D4E681CA736B}
		{68D76E45-F17E-48EB-B195-DC58989EAC4A} = {09346689-7690-451B-ABBB-FCCD4EDB8CDC}
		{0756DE8E-A5D8-4702-83A3-FEFDE064DE33} = {C2B11FAF-7EC8-439B-8AB3-E23C573AE09A}
		{D7453CDB-A7E7-497C-A67D-0210C7561E56} = {C2B11FAF-7EC8-439B-8AB3-E23C573AE09A}
		{CC6D8C9A-7963-4C36-934F-7409F3AB73C2} = {C2B11FAF-7EC8-439B-8AB3-E23C573AE09A}
		{6249A8A6-F30A-439E-97A7-5859A9C2A737} = {7C1A0058-9458-4ED2-A12A-518F8E3BCA1A}
		{1E677B11-0F10-4B2E-A0E8-945E32647E61} = {7C1A0058-9458-4ED2-A12A-518F8E3BCA1A}
		{37371DD5-D529-4734-A7D2-153405F4D469} = {7C1A0058-9458-4ED2-A12A-518F8E3BCA1A}
		{760D2F29-841D-4013-8D06-F13D7AE8F149} = {7C1A0058-9458-4ED2-A12A-518F8E3BCA1A}
		{D94EB069-2DE8-4920-B9AD-9A24639681BE} = {09346689-7690-451B-ABBB-FCCD4EDB8CDC}
		{2619DA8A-098F-429F-B080-49109E2F0AC2} = {D25C8672-6E6F-404D-8167-449D33A03C5E}
		{D0290B52-BEA0-4519-96A8-4198D6D63CCA} = {2619DA8A-098F-429F-B080-49109E2F0AC2}
		{AA59E26B-FCAB-4B70-ABF5-5DE46B1EC406} = {2619DA8A-098F-429F-B080-49109E2F0AC2}
		{0A0F8F47-B605-411C-94BB-C13D81B3966D} = {2619DA8A-098F-429F-B080-49109E2F0AC2}
		{E3BFA18F-0AF3-4DD0-AF44-82349AB207B9} = {2619DA8A-098F-429F-B080-49109E2F0AC2}
	EndGlobalSection
	GlobalSection(ExtensibilityGlobals) = postSolution
		SolutionGuid = {80077703-C2FF-48D5-9529-1855A1858F61}
	EndGlobalSection
EndGlobal
